{
  "nodes": {
    "alectryon": {
      "inputs": {
        "flake-utils": "flake-utils",
        "nixpkgs": "nixpkgs"
      },
      "locked": {
        "lastModified": 1,
        "narHash": "sha256-EGpRLDfrBTyGPbcguty27DfiUeSQakuKj+JOvd6xwFs=",
        "path": "/nix/store/r0a4xnnxk7ji3h7zplfc1pq7sqazykq4-source/deps/alectryon",
        "type": "path"
      },
      "original": {
        "path": "/nix/store/r0a4xnnxk7ji3h7zplfc1pq7sqazykq4-source/deps/alectryon",
        "type": "path"
      }
    },
    "flake-utils": {
      "locked": {
        "lastModified": 1656928814,
        "narHash": "sha256-RIFfgBuKz6Hp89yRr7+NR5tzIAbn52h8vT6vXkYjZoM=",
        "owner": "numtide",
        "repo": "flake-utils",
        "rev": "7e2a3b3dfd9af950a856d66b0a7d01e3c18aa249",
        "type": "github"
      },
      "original": {
        "owner": "numtide",
        "repo": "flake-utils",
        "type": "github"
      }
    },
    "flake-utils_2": {
      "locked": {
        "lastModified": 1656928814,
        "narHash": "sha256-RIFfgBuKz6Hp89yRr7+NR5tzIAbn52h8vT6vXkYjZoM=",
        "owner": "numtide",
        "repo": "flake-utils",
        "rev": "7e2a3b3dfd9af950a856d66b0a7d01e3c18aa249",
        "type": "github"
      },
      "original": {
        "owner": "numtide",
        "repo": "flake-utils",
        "type": "github"
      }
    },
    "nixpkgs": {
      "locked": {
        "lastModified": 1657626428,
        "narHash": "sha256-DMogTcig6ji7iuTQinWQPSmIWCapWG2csePaVKDiI7E=",
        "owner": "NixOs",
        "repo": "nixpkgs",
        "rev": "3567e122f4d5bd1f2ef157e76e827077e037f78b",
        "type": "github"
      },
      "original": {
        "owner": "NixOs",
        "repo": "nixpkgs",
        "type": "github"
      }
    },
    "nixpkgs_2": {
      "locked": {
        "lastModified": 1657626428,
        "narHash": "sha256-DMogTcig6ji7iuTQinWQPSmIWCapWG2csePaVKDiI7E=",
        "owner": "NixOs",
        "repo": "nixpkgs",
        "rev": "3567e122f4d5bd1f2ef157e76e827077e037f78b",
        "type": "github"
      },
      "original": {
        "owner": "NixOs",
        "repo": "nixpkgs",
        "type": "github"
      }
    },
    "root": {
      "inputs": {
        "alectryon": "alectryon",
        "flake-utils": "flake-utils_2",
        "nixpkgs": "nixpkgs_2"
      }
    }
  },
  "root": "root",
  "version": 7
}
